
Microsoft Visual Studio Solution File, Format Version 12.00
# Visual Studio Version 17
VisualStudioVersion = 17.5.002.0
MinimumVisualStudioVersion = 10.0.40219.1
Project("{2150E333-8FDC-42A3-9474-1A3956D46DE8}") = "csharp-prep", "csharp-prep", "{3AC106F8-251A-4C66-A689-906E32310EB3}"
EndProject
Project("{9A19103F-16F7-4668-BE54-9A1E7A4F7556}") = "Prep1", "csharp-prep\Prep1\Prep1.csproj", "{6516CECB-7FE1-4BF1-9A09-CF2334C2C917}"
EndProject
Project("{9A19103F-16F7-4668-BE54-9A1E7A4F7556}") = "Prep2", "csharp-prep\Prep2\Prep2.csproj", "{FED8C30C-89FC-48F7-8550-6161C5AB15CE}"
EndProject
Project("{9A19103F-16F7-4668-BE54-9A1E7A4F7556}") = "Prep3", "csharp-prep\Prep3\Prep3.csproj", "{AFC896BE-7B56-44EB-A206-8F73C013F8BD}"
EndProject
Project("{9A19103F-16F7-4668-BE54-9A1E7A4F7556}") = "Prep4", "csharp-prep\Prep4\Prep4.csproj", "{F48B182F-2B32-4058-8C30-AF1F701E0B10}"
EndProject
Project("{9A19103F-16F7-4668-BE54-9A1E7A4F7556}") = "Prep5", "csharp-prep\Prep5\Prep5.csproj", "{EA464FFE-4787-4363-B33C-4425C80349AB}"
EndProject
Project("{2150E333-8FDC-42A3-9474-1A3956D46DE8}") = "final", "final", "{8E0E1BB3-F226-445A-BD67-1FF54E4A7E10}"
EndProject
Project("{9A19103F-16F7-4668-BE54-9A1E7A4F7556}") = "FinalProject", "final\FinalProject\FinalProject.csproj", "{912F33BA-2913-41B9-ABF6-E6ECC48A7EA2}"
EndProject
Project("{9A19103F-16F7-4668-BE54-9A1E7A4F7556}") = "Foundation1", "final\Foundation1\Foundation1.csproj", "{B3B28A48-EC5D-41CD-AC4C-F4A0EF8B6E57}"
EndProject
Project("{9A19103F-16F7-4668-BE54-9A1E7A4F7556}") = "Foundation2", "final\Foundation2\Foundation2.csproj", "{B32821C3-DDA5-4FB4-B333-437695C5CA60}"
EndProject
Project("{9A19103F-16F7-4668-BE54-9A1E7A4F7556}") = "Foundation3", "final\Foundation3\Foundation3.csproj", "{37579DE9-2764-4BBB-8653-10C70B625748}"
EndProject
Project("{9A19103F-16F7-4668-BE54-9A1E7A4F7556}") = "Foundation4", "final\Foundation4\Foundation4.csproj", "{F27B6077-3F5D-40E0-983E-AE8A1195E150}"
EndProject
Project("{2150E333-8FDC-42A3-9474-1A3956D46DE8}") = "prepare", "prepare", "{A5B8EF6F-27F7-42C6-B377-14346EF4B7F6}"
EndProject
Project("{9A19103F-16F7-4668-BE54-9A1E7A4F7556}") = "Learning02", "prepare\Learning02\Learning02.csproj", "{527B1CEA-43DA-40AA-A03A-F03F2339D9C0}"
EndProject
Project("{9A19103F-16F7-4668-BE54-9A1E7A4F7556}") = "Learning03", "prepare\Learning03\Learning03.csproj", "{653D85F0-9EDD-4B2C-B126-7D2E4E3C3D3F}"
EndProject
Project("{9A19103F-16F7-4668-BE54-9A1E7A4F7556}") = "Learning04", "prepare\Learning04\Learning04.csproj", "{99F25A0C-08E3-44FF-A30C-6164A8852DEA}"
EndProject
Project("{9A19103F-16F7-4668-BE54-9A1E7A4F7556}") = "Learning05", "prepare\Learning05\Learning05.csproj", "{45445642-0766-4B87-AC76-C25520442B7A}"
EndProject
Project("{2150E333-8FDC-42A3-9474-1A3956D46DE8}") = "prove", "prove", "{6660737C-0022-466F-BDD6-0294B47C70C0}"
EndProject
Project("{9A19103F-16F7-4668-BE54-9A1E7A4F7556}") = "Develop02", "prove\Develop02\Develop02.csproj", "{73C602BF-AE89-4DFD-AB1C-25A184041F61}"
EndProject
Project("{9A19103F-16F7-4668-BE54-9A1E7A4F7556}") = "Develop03", "prove\Develop03\Develop03.csproj", "{50CE1FC9-8226-437F-867F-B39730317635}"
EndProject
Project("{9A19103F-16F7-4668-BE54-9A1E7A4F7556}") = "Develop04", "prove\Develop04\Develop04.csproj", "{FAE47AB8-8633-47FD-BFE1-97564A627B23}"
EndProject
Project("{9A19103F-16F7-4668-BE54-9A1E7A4F7556}") = "Develop05", "prove\Develop05\Develop05.csproj", "{91EB33E9-18B8-4F79-AF21-7A3203625E9F}"
EndProject
Project("{2150E333-8FDC-42A3-9474-1A3956D46DE8}") = "sandbox", "sandbox", "{C54FD54F-1C88-493E-BBDA-98820F056518}"
EndProject
Project("{9A19103F-16F7-4668-BE54-9A1E7A4F7556}") = "Sandbox", "sandbox\Sandbox\Sandbox.csproj", "{FA2A71BB-BF6C-4410-AE1E-560BD7F4E693}"
EndProject
Global
	GlobalSection(SolutionConfigurationPlatforms) = preSolution
		Debug|Any CPU = Debug|Any CPU
		Release|Any CPU = Release|Any CPU
	EndGlobalSection
	GlobalSection(ProjectConfigurationPlatforms) = postSolution
		{6516CECB-7FE1-4BF1-9A09-CF2334C2C917}.Debug|Any CPU.ActiveCfg = Debug|Any CPU
		{6516CECB-7FE1-4BF1-9A09-CF2334C2C917}.Debug|Any CPU.Build.0 = Debug|Any CPU
		{6516CECB-7FE1-4BF1-9A09-CF2334C2C917}.Release|Any CPU.ActiveCfg = Release|Any CPU
		{6516CECB-7FE1-4BF1-9A09-CF2334C2C917}.Release|Any CPU.Build.0 = Release|Any CPU
		{FED8C30C-89FC-48F7-8550-6161C5AB15CE}.Debug|Any CPU.ActiveCfg = Debug|Any CPU
		{FED8C30C-89FC-48F7-8550-6161C5AB15CE}.Debug|Any CPU.Build.0 = Debug|Any CPU
		{FED8C30C-89FC-48F7-8550-6161C5AB15CE}.Release|Any CPU.ActiveCfg = Release|Any CPU
		{FED8C30C-89FC-48F7-8550-6161C5AB15CE}.Release|Any CPU.Build.0 = Release|Any CPU
		{AFC896BE-7B56-44EB-A206-8F73C013F8BD}.Debug|Any CPU.ActiveCfg = Debug|Any CPU
		{AFC896BE-7B56-44EB-A206-8F73C013F8BD}.Debug|Any CPU.Build.0 = Debug|Any CPU
		{AFC896BE-7B56-44EB-A206-8F73C013F8BD}.Release|Any CPU.ActiveCfg = Release|Any CPU
		{AFC896BE-7B56-44EB-A206-8F73C013F8BD}.Release|Any CPU.Build.0 = Release|Any CPU
		{F48B182F-2B32-4058-8C30-AF1F701E0B10}.Debug|Any CPU.ActiveCfg = Debug|Any CPU
		{F48B182F-2B32-4058-8C30-AF1F701E0B10}.Debug|Any CPU.Build.0 = Debug|Any CPU
		{F48B182F-2B32-4058-8C30-AF1F701E0B10}.Release|Any CPU.ActiveCfg = Release|Any CPU
		{F48B182F-2B32-4058-8C30-AF1F701E0B10}.Release|Any CPU.Build.0 = Release|Any CPU
		{EA464FFE-4787-4363-B33C-4425C80349AB}.Debug|Any CPU.ActiveCfg = Debug|Any CPU
		{EA464FFE-4787-4363-B33C-4425C80349AB}.Debug|Any CPU.Build.0 = Debug|Any CPU
		{EA464FFE-4787-4363-B33C-4425C80349AB}.Release|Any CPU.ActiveCfg = Release|Any CPU
		{EA464FFE-4787-4363-B33C-4425C80349AB}.Release|Any CPU.Build.0 = Release|Any CPU
		{912F33BA-2913-41B9-ABF6-E6ECC48A7EA2}.Debug|Any CPU.ActiveCfg = Debug|Any CPU
		{912F33BA-2913-41B9-ABF6-E6ECC48A7EA2}.Debug|Any CPU.Build.0 = Debug|Any CPU
		{912F33BA-2913-41B9-ABF6-E6ECC48A7EA2}.Release|Any CPU.ActiveCfg = Release|Any CPU
		{912F33BA-2913-41B9-ABF6-E6ECC48A7EA2}.Release|Any CPU.Build.0 = Release|Any CPU
		{B3B28A48-EC5D-41CD-AC4C-F4A0EF8B6E57}.Debug|Any CPU.ActiveCfg = Debug|Any CPU
		{B3B28A48-EC5D-41CD-AC4C-F4A0EF8B6E57}.Debug|Any CPU.Build.0 = Debug|Any CPU
		{B3B28A48-EC5D-41CD-AC4C-F4A0EF8B6E57}.Release|Any CPU.ActiveCfg = Release|Any CPU
		{B3B28A48-EC5D-41CD-AC4C-F4A0EF8B6E57}.Release|Any CPU.Build.0 = Release|Any CPU
		{B32821C3-DDA5-4FB4-B333-437695C5CA60}.Debug|Any CPU.ActiveCfg = Debug|Any CPU
		{B32821C3-DDA5-4FB4-B333-437695C5CA60}.Debug|Any CPU.Build.0 = Debug|Any CPU
		{B32821C3-DDA5-4FB4-B333-437695C5CA60}.Release|Any CPU.ActiveCfg = Release|Any CPU
		{B32821C3-DDA5-4FB4-B333-437695C5CA60}.Release|Any CPU.Build.0 = Release|Any CPU
		{37579DE9-2764-4BBB-8653-10C70B625748}.Debug|Any CPU.ActiveCfg = Debug|Any CPU
		{37579DE9-2764-4BBB-8653-10C70B625748}.Debug|Any CPU.Build.0 = Debug|Any CPU
		{37579DE9-2764-4BBB-8653-10C70B625748}.Release|Any CPU.ActiveCfg = Release|Any CPU
		{37579DE9-2764-4BBB-8653-10C70B625748}.Release|Any CPU.Build.0 = Release|Any CPU
		{F27B6077-3F5D-40E0-983E-AE8A1195E150}.Debug|Any CPU.ActiveCfg = Debug|Any CPU
		{F27B6077-3F5D-40E0-983E-AE8A1195E150}.Debug|Any CPU.Build.0 = Debug|Any CPU
		{F27B6077-3F5D-40E0-983E-AE8A1195E150}.Release|Any CPU.ActiveCfg = Release|Any CPU
		{F27B6077-3F5D-40E0-983E-AE8A1195E150}.Release|Any CPU.Build.0 = Release|Any CPU
		{527B1CEA-43DA-40AA-A03A-F03F2339D9C0}.Debug|Any CPU.ActiveCfg = Debug|Any CPU
		{527B1CEA-43DA-40AA-A03A-F03F2339D9C0}.Debug|Any CPU.Build.0 = Debug|Any CPU
		{527B1CEA-43DA-40AA-A03A-F03F2339D9C0}.Release|Any CPU.ActiveCfg = Release|Any CPU
		{527B1CEA-43DA-40AA-A03A-F03F2339D9C0}.Release|Any CPU.Build.0 = Release|Any CPU
		{653D85F0-9EDD-4B2C-B126-7D2E4E3C3D3F}.Debug|Any CPU.ActiveCfg = Debug|Any CPU
		{653D85F0-9EDD-4B2C-B126-7D2E4E3C3D3F}.Debug|Any CPU.Build.0 = Debug|Any CPU
		{653D85F0-9EDD-4B2C-B126-7D2E4E3C3D3F}.Release|Any CPU.ActiveCfg = Release|Any CPU
		{653D85F0-9EDD-4B2C-B126-7D2E4E3C3D3F}.Release|Any CPU.Build.0 = Release|Any CPU
		{99F25A0C-08E3-44FF-A30C-6164A8852DEA}.Debug|Any CPU.ActiveCfg = Debug|Any CPU
		{99F25A0C-08E3-44FF-A30C-6164A8852DEA}.Debug|Any CPU.Build.0 = Debug|Any CPU
		{99F25A0C-08E3-44FF-A30C-6164A8852DEA}.Release|Any CPU.ActiveCfg = Release|Any CPU
		{99F25A0C-08E3-44FF-A30C-6164A8852DEA}.Release|Any CPU.Build.0 = Release|Any CPU
		{45445642-0766-4B87-AC76-C25520442B7A}.Debug|Any CPU.ActiveCfg = Debug|Any CPU
		{45445642-0766-4B87-AC76-C25520442B7A}.Debug|Any CPU.Build.0 = Debug|Any CPU
		{45445642-0766-4B87-AC76-C25520442B7A}.Release|Any CPU.ActiveCfg = Release|Any CPU
		{45445642-0766-4B87-AC76-C25520442B7A}.Release|Any CPU.Build.0 = Release|Any CPU
		{73C602BF-AE89-4DFD-AB1C-25A184041F61}.Debug|Any CPU.ActiveCfg = Debug|Any CPU
		{73C602BF-AE89-4DFD-AB1C-25A184041F61}.Debug|Any CPU.Build.0 = Debug|Any CPU
		{73C602BF-AE89-4DFD-AB1C-25A184041F61}.Release|Any CPU.ActiveCfg = Release|Any CPU
		{73C602BF-AE89-4DFD-AB1C-25A184041F61}.Release|Any CPU.Build.0 = Release|Any CPU
		{50CE1FC9-8226-437F-867F-B39730317635}.Debug|Any CPU.ActiveCfg = Debug|Any CPU
		{50CE1FC9-8226-437F-867F-B39730317635}.Debug|Any CPU.Build.0 = Debug|Any CPU
		{50CE1FC9-8226-437F-867F-B39730317635}.Release|Any CPU.ActiveCfg = Release|Any CPU
		{50CE1FC9-8226-437F-867F-B39730317635}.Release|Any CPU.Build.0 = Release|Any CPU
		{FAE47AB8-8633-47FD-BFE1-97564A627B23}.Debug|Any CPU.ActiveCfg = Debug|Any CPU
		{FAE47AB8-8633-47FD-BFE1-97564A627B23}.Debug|Any CPU.Build.0 = Debug|Any CPU
		{FAE47AB8-8633-47FD-BFE1-97564A627B23}.Release|Any CPU.ActiveCfg = Release|Any CPU
		{FAE47AB8-8633-47FD-BFE1-97564A627B23}.Release|Any CPU.Build.0 = Release|Any CPU
		{91EB33E9-18B8-4F79-AF21-7A3203625E9F}.Debug|Any CPU.ActiveCfg = Debug|Any CPU
		{91EB33E9-18B8-4F79-AF21-7A3203625E9F}.Debug|Any CPU.Build.0 = Debug|Any CPU
		{91EB33E9-18B8-4F79-AF21-7A3203625E9F}.Release|Any CPU.ActiveCfg = Release|Any CPU
		{91EB33E9-18B8-4F79-AF21-7A3203625E9F}.Release|Any CPU.Build.0 = Release|Any CPU
		{FA2A71BB-BF6C-4410-AE1E-560BD7F4E693}.Debug|Any CPU.ActiveCfg = Debug|Any CPU
		{FA2A71BB-BF6C-4410-AE1E-560BD7F4E693}.Debug|Any CPU.Build.0 = Debug|Any CPU
		{FA2A71BB-BF6C-4410-AE1E-560BD7F4E693}.Release|Any CPU.ActiveCfg = Release|Any CPU
		{FA2A71BB-BF6C-4410-AE1E-560BD7F4E693}.Release|Any CPU.Build.0 = Release|Any CPU
	EndGlobalSection
	GlobalSection(SolutionProperties) = preSolution
		HideSolutionNode = FALSE
	EndGlobalSection
	GlobalSection(NestedProjects) = preSolution
		{6516CECB-7FE1-4BF1-9A09-CF2334C2C917} = {3AC106F8-251A-4C66-A689-906E32310EB3}
		{FED8C30C-89FC-48F7-8550-6161C5AB15CE} = {3AC106F8-251A-4C66-A689-906E32310EB3}
		{AFC896BE-7B56-44EB-A206-8F73C013F8BD} = {3AC106F8-251A-4C66-A689-906E32310EB3}
		{F48B182F-2B32-4058-8C30-AF1F701E0B10} = {3AC106F8-251A-4C66-A689-906E32310EB3}
		{EA464FFE-4787-4363-B33C-4425C80349AB} = {3AC106F8-251A-4C66-A689-906E32310EB3}
		{912F33BA-2913-41B9-ABF6-E6ECC48A7EA2} = {8E0E1BB3-F226-445A-BD67-1FF54E4A7E10}
		{B3B28A48-EC5D-41CD-AC4C-F4A0EF8B6E57} = {8E0E1BB3-F226-445A-BD67-1FF54E4A7E10}
		{B32821C3-DDA5-4FB4-B333-437695C5CA60} = {8E0E1BB3-F226-445A-BD67-1FF54E4A7E10}
		{37579DE9-2764-4BBB-8653-10C70B625748} = {8E0E1BB3-F226-445A-BD67-1FF54E4A7E10}
		{F27B6077-3F5D-40E0-983E-AE8A1195E150} = {8E0E1BB3-F226-445A-BD67-1FF54E4A7E10}
		{527B1CEA-43DA-40AA-A03A-F03F2339D9C0} = {A5B8EF6F-27F7-42C6-B377-14346EF4B7F6}
		{653D85F0-9EDD-4B2C-B126-7D2E4E3C3D3F} = {A5B8EF6F-27F7-42C6-B377-14346EF4B7F6}
		{99F25A0C-08E3-44FF-A30C-6164A8852DEA} = {A5B8EF6F-27F7-42C6-B377-14346EF4B7F6}
		{45445642-0766-4B87-AC76-C25520442B7A} = {A5B8EF6F-27F7-42C6-B377-14346EF4B7F6}
		{73C602BF-AE89-4DFD-AB1C-25A184041F61} = {6660737C-0022-466F-BDD6-0294B47C70C0}
		{50CE1FC9-8226-437F-867F-B39730317635} = {6660737C-0022-466F-BDD6-0294B47C70C0}
		{FAE47AB8-8633-47FD-BFE1-97564A627B23} = {6660737C-0022-466F-BDD6-0294B47C70C0}
		{91EB33E9-18B8-4F79-AF21-7A3203625E9F} = {6660737C-0022-466F-BDD6-0294B47C70C0}
		{FA2A71BB-BF6C-4410-AE1E-560BD7F4E693} = {C54FD54F-1C88-493E-BBDA-98820F056518}
	EndGlobalSection
	GlobalSection(ExtensibilityGlobals) = postSolution
		SolutionGuid = {BF2A9084-8894-4831-99F2-A2888D14D9EA}
	EndGlobalSection
EndGlobal
